
Microsoft Visual Studio Solution File, Format Version 12.00
# Visual Studio Version 17
VisualStudioVersion = 17.5.002.0
MinimumVisualStudioVersion = 10.0.40219.1
Project("{9A19103F-16F7-4668-BE54-9A1E7A4F7556}") = "c1-b3", "c1-b3\c1-b3.csproj", "{45FE55F0-9BB9-491F-9DC6-275A8B8B8261}"
EndProject
Project("{9A19103F-16F7-4668-BE54-9A1E7A4F7556}") = "c1-bai1", "c1-bai1\c1-bai1.csproj", "{B4FA5F50-FA0E-4C73-8B2B-57D2AFFCEA1C}"
EndProject
Project("{9A19103F-16F7-4668-BE54-9A1E7A4F7556}") = "c1-bai2", "c1-bai2\c1-bai2.csproj", "{14489717-8C01-4A7C-8EDB-3E07C1CA7308}"
EndProject
Project("{9A19103F-16F7-4668-BE54-9A1E7A4F7556}") = "c1-bai3", "c1-bai3\c1-bai3.csproj", "{BDE9E213-DE70-4E62-9C23-844352B1C45D}"
EndProject
Project("{9A19103F-16F7-4668-BE54-9A1E7A4F7556}") = "c1-bai4", "c1-bai4\c1-bai4.csproj", "{18A6AFBB-7A07-4101-BAC1-BDB384A74C83}"
EndProject
Project("{9A19103F-16F7-4668-BE54-9A1E7A4F7556}") = "c1-bttl1", "c1-bttl1\c1-bttl1.csproj", "{9AE03D41-4E03-4F8A-87F0-F6BF904592CB}"
EndProject
Project("{9A19103F-16F7-4668-BE54-9A1E7A4F7556}") = "c1-bttl2", "c1-bttl2\c1-bttl2.csproj", "{699FC3DB-AA0F-4C53-9674-98E1A8C25F63}"
EndProject
Project("{9A19103F-16F7-4668-BE54-9A1E7A4F7556}") = "c1-bttl3", "c1-bttl3\c1-bttl3.csproj", "{72E15FC5-C86C-4363-95D6-DEEC407D9907}"
EndProject
Project("{9A19103F-16F7-4668-BE54-9A1E7A4F7556}") = "c1-bttl4", "c1-bttl4\c1-bttl4.csproj", "{B2903D70-C0B4-4F4F-9C01-CD1A66992F14}"
EndProject
Project("{9A19103F-16F7-4668-BE54-9A1E7A4F7556}") = "c1-bttl5", "c1-bttl5\c1-bttl5.csproj", "{EFB7D8F5-F556-4840-AF4B-0B2D012C4820}"
EndProject
Project("{9A19103F-16F7-4668-BE54-9A1E7A4F7556}") = "c1-bttl6", "c1-bttl6\c1-bttl6.csproj", "{BA19F5E8-1E3D-40D8-888B-7B1775B06FE0}"
EndProject
Project("{9A19103F-16F7-4668-BE54-9A1E7A4F7556}") = "bai1", "c1-vd\bai1.csproj", "{07CF330D-6DEC-43F9-A37F-80AD5614134F}"
EndProject
Project("{9A19103F-16F7-4668-BE54-9A1E7A4F7556}") = "c2-b1", "c2-b1\c2-b1.csproj", "{74374B5C-93DF-4744-86C7-41AA39DA376E}"
EndProject
Project("{9A19103F-16F7-4668-BE54-9A1E7A4F7556}") = "c2-b2", "c2-b2\c2-b2.csproj", "{FD0B6F69-2659-49CF-9A01-71EB3F853377}"
EndProject
Project("{9A19103F-16F7-4668-BE54-9A1E7A4F7556}") = "c2-b3", "c2-b3\c2-b3.csproj", "{E6B52646-A067-4C47-A9E1-CC795C74EB78}"
EndProject
Project("{9A19103F-16F7-4668-BE54-9A1E7A4F7556}") = "c2-b4", "c2-b4\c2-b4.csproj", "{B0120B1E-8D9E-4C60-BBF7-93CD4E604399}"
EndProject
Project("{9A19103F-16F7-4668-BE54-9A1E7A4F7556}") = "c2-bttl1", "c2-bttl1\c2-bttl1.csproj", "{63C3210A-7D40-457A-9FE0-646836D1FCEF}"
EndProject
Project("{9A19103F-16F7-4668-BE54-9A1E7A4F7556}") = "c4-b1", "c4-b1\c4-b1.csproj", "{DBD23CE8-97B3-4327-858F-BD9759FB78A2}"
EndProject
Project("{9A19103F-16F7-4668-BE54-9A1E7A4F7556}") = "c4-b2", "c4-b2\c4-b2.csproj", "{E7693ECF-F3B9-4D62-B5DE-DF4D19D9E773}"
EndProject
Project("{9A19103F-16F7-4668-BE54-9A1E7A4F7556}") = "c4-b3", "c4-b3\c4-b3.csproj", "{C2AA0254-B88F-4D9E-8985-E18DB8C2102B}"
EndProject
Project("{9A19103F-16F7-4668-BE54-9A1E7A4F7556}") = "c4-b4", "c4-b4\c4-b4.csproj", "{B8645E6C-9EFA-42A6-872B-82EF51467C39}"
EndProject
Project("{9A19103F-16F7-4668-BE54-9A1E7A4F7556}") = "c4-b5", "c4-b5\c4-b5.csproj", "{FD26FB37-5095-4846-A3A8-66711413909B}"
EndProject
Project("{9A19103F-16F7-4668-BE54-9A1E7A4F7556}") = "c4-bttl1", "c4-bttl1\c4-bttl1.csproj", "{89976E38-5EBE-451E-B691-ADEF34EC5D0F}"
EndProject
Project("{9A19103F-16F7-4668-BE54-9A1E7A4F7556}") = "c4-bttl2", "c4-bttl2\c4-bttl2.csproj", "{C0A93AF3-9492-4D32-A967-BA65B253BBF4}"
EndProject
Project("{9A19103F-16F7-4668-BE54-9A1E7A4F7556}") = "c4-bttl3", "c4-bttl3\c4-bttl3.csproj", "{427906A7-A74C-4708-9033-EA5286948184}"
EndProject
Project("{9A19103F-16F7-4668-BE54-9A1E7A4F7556}") = "c4_1_b4", "c4_1_b4\c4_1_b4.csproj", "{8A781058-FE61-4D0A-BA3E-3EA7B797B18F}"
EndProject
Project("{9A19103F-16F7-4668-BE54-9A1E7A4F7556}") = "vidu", "vidu\vidu.csproj", "{C0FA2BD7-84B2-406B-875E-4A818CDE94AD}"
EndProject
Global
	GlobalSection(SolutionConfigurationPlatforms) = preSolution
		Debug|Any CPU = Debug|Any CPU
		Release|Any CPU = Release|Any CPU
	EndGlobalSection
	GlobalSection(ProjectConfigurationPlatforms) = postSolution
		{45FE55F0-9BB9-491F-9DC6-275A8B8B8261}.Debug|Any CPU.ActiveCfg = Debug|Any CPU
		{45FE55F0-9BB9-491F-9DC6-275A8B8B8261}.Debug|Any CPU.Build.0 = Debug|Any CPU
		{45FE55F0-9BB9-491F-9DC6-275A8B8B8261}.Release|Any CPU.ActiveCfg = Release|Any CPU
		{45FE55F0-9BB9-491F-9DC6-275A8B8B8261}.Release|Any CPU.Build.0 = Release|Any CPU
		{B4FA5F50-FA0E-4C73-8B2B-57D2AFFCEA1C}.Debug|Any CPU.ActiveCfg = Debug|Any CPU
		{B4FA5F50-FA0E-4C73-8B2B-57D2AFFCEA1C}.Debug|Any CPU.Build.0 = Debug|Any CPU
		{B4FA5F50-FA0E-4C73-8B2B-57D2AFFCEA1C}.Release|Any CPU.ActiveCfg = Release|Any CPU
		{B4FA5F50-FA0E-4C73-8B2B-57D2AFFCEA1C}.Release|Any CPU.Build.0 = Release|Any CPU
		{14489717-8C01-4A7C-8EDB-3E07C1CA7308}.Debug|Any CPU.ActiveCfg = Debug|Any CPU
		{14489717-8C01-4A7C-8EDB-3E07C1CA7308}.Debug|Any CPU.Build.0 = Debug|Any CPU
		{14489717-8C01-4A7C-8EDB-3E07C1CA7308}.Release|Any CPU.ActiveCfg = Release|Any CPU
		{14489717-8C01-4A7C-8EDB-3E07C1CA7308}.Release|Any CPU.Build.0 = Release|Any CPU
		{BDE9E213-DE70-4E62-9C23-844352B1C45D}.Debug|Any CPU.ActiveCfg = Debug|Any CPU
		{BDE9E213-DE70-4E62-9C23-844352B1C45D}.Debug|Any CPU.Build.0 = Debug|Any CPU
		{BDE9E213-DE70-4E62-9C23-844352B1C45D}.Release|Any CPU.ActiveCfg = Release|Any CPU
		{BDE9E213-DE70-4E62-9C23-844352B1C45D}.Release|Any CPU.Build.0 = Release|Any CPU
		{18A6AFBB-7A07-4101-BAC1-BDB384A74C83}.Debug|Any CPU.ActiveCfg = Debug|Any CPU
		{18A6AFBB-7A07-4101-BAC1-BDB384A74C83}.Debug|Any CPU.Build.0 = Debug|Any CPU
		{18A6AFBB-7A07-4101-BAC1-BDB384A74C83}.Release|Any CPU.ActiveCfg = Release|Any CPU
		{18A6AFBB-7A07-4101-BAC1-BDB384A74C83}.Release|Any CPU.Build.0 = Release|Any CPU
		{9AE03D41-4E03-4F8A-87F0-F6BF904592CB}.Debug|Any CPU.ActiveCfg = Debug|Any CPU
		{9AE03D41-4E03-4F8A-87F0-F6BF904592CB}.Debug|Any CPU.Build.0 = Debug|Any CPU
		{9AE03D41-4E03-4F8A-87F0-F6BF904592CB}.Release|Any CPU.ActiveCfg = Release|Any CPU
		{9AE03D41-4E03-4F8A-87F0-F6BF904592CB}.Release|Any CPU.Build.0 = Release|Any CPU
		{699FC3DB-AA0F-4C53-9674-98E1A8C25F63}.Debug|Any CPU.ActiveCfg = Debug|Any CPU
		{699FC3DB-AA0F-4C53-9674-98E1A8C25F63}.Debug|Any CPU.Build.0 = Debug|Any CPU
		{699FC3DB-AA0F-4C53-9674-98E1A8C25F63}.Release|Any CPU.ActiveCfg = Release|Any CPU
		{699FC3DB-AA0F-4C53-9674-98E1A8C25F63}.Release|Any CPU.Build.0 = Release|Any CPU
		{72E15FC5-C86C-4363-95D6-DEEC407D9907}.Debug|Any CPU.ActiveCfg = Debug|Any CPU
		{72E15FC5-C86C-4363-95D6-DEEC407D9907}.Debug|Any CPU.Build.0 = Debug|Any CPU
		{72E15FC5-C86C-4363-95D6-DEEC407D9907}.Release|Any CPU.ActiveCfg = Release|Any CPU
		{72E15FC5-C86C-4363-95D6-DEEC407D9907}.Release|Any CPU.Build.0 = Release|Any CPU
		{B2903D70-C0B4-4F4F-9C01-CD1A66992F14}.Debug|Any CPU.ActiveCfg = Debug|Any CPU
		{B2903D70-C0B4-4F4F-9C01-CD1A66992F14}.Debug|Any CPU.Build.0 = Debug|Any CPU
		{B2903D70-C0B4-4F4F-9C01-CD1A66992F14}.Release|Any CPU.ActiveCfg = Release|Any CPU
		{B2903D70-C0B4-4F4F-9C01-CD1A66992F14}.Release|Any CPU.Build.0 = Release|Any CPU
		{EFB7D8F5-F556-4840-AF4B-0B2D012C4820}.Debug|Any CPU.ActiveCfg = Debug|Any CPU
		{EFB7D8F5-F556-4840-AF4B-0B2D012C4820}.Debug|Any CPU.Build.0 = Debug|Any CPU
		{EFB7D8F5-F556-4840-AF4B-0B2D012C4820}.Release|Any CPU.ActiveCfg = Release|Any CPU
		{EFB7D8F5-F556-4840-AF4B-0B2D012C4820}.Release|Any CPU.Build.0 = Release|Any CPU
		{BA19F5E8-1E3D-40D8-888B-7B1775B06FE0}.Debug|Any CPU.ActiveCfg = Debug|Any CPU
		{BA19F5E8-1E3D-40D8-888B-7B1775B06FE0}.Debug|Any CPU.Build.0 = Debug|Any CPU
		{BA19F5E8-1E3D-40D8-888B-7B1775B06FE0}.Release|Any CPU.ActiveCfg = Release|Any CPU
		{BA19F5E8-1E3D-40D8-888B-7B1775B06FE0}.Release|Any CPU.Build.0 = Release|Any CPU
		{07CF330D-6DEC-43F9-A37F-80AD5614134F}.Debug|Any CPU.ActiveCfg = Debug|Any CPU
		{07CF330D-6DEC-43F9-A37F-80AD5614134F}.Debug|Any CPU.Build.0 = Debug|Any CPU
		{07CF330D-6DEC-43F9-A37F-80AD5614134F}.Release|Any CPU.ActiveCfg = Release|Any CPU
		{07CF330D-6DEC-43F9-A37F-80AD5614134F}.Release|Any CPU.Build.0 = Release|Any CPU
		{74374B5C-93DF-4744-86C7-41AA39DA376E}.Debug|Any CPU.ActiveCfg = Debug|Any CPU
		{74374B5C-93DF-4744-86C7-41AA39DA376E}.Debug|Any CPU.Build.0 = Debug|Any CPU
		{74374B5C-93DF-4744-86C7-41AA39DA376E}.Release|Any CPU.ActiveCfg = Release|Any CPU
		{74374B5C-93DF-4744-86C7-41AA39DA376E}.Release|Any CPU.Build.0 = Release|Any CPU
		{FD0B6F69-2659-49CF-9A01-71EB3F853377}.Debug|Any CPU.ActiveCfg = Debug|Any CPU
		{FD0B6F69-2659-49CF-9A01-71EB3F853377}.Debug|Any CPU.Build.0 = Debug|Any CPU
		{FD0B6F69-2659-49CF-9A01-71EB3F853377}.Release|Any CPU.ActiveCfg = Release|Any CPU
		{FD0B6F69-2659-49CF-9A01-71EB3F853377}.Release|Any CPU.Build.0 = Release|Any CPU
		{E6B52646-A067-4C47-A9E1-CC795C74EB78}.Debug|Any CPU.ActiveCfg = Debug|Any CPU
		{E6B52646-A067-4C47-A9E1-CC795C74EB78}.Debug|Any CPU.Build.0 = Debug|Any CPU
		{E6B52646-A067-4C47-A9E1-CC795C74EB78}.Release|Any CPU.ActiveCfg = Release|Any CPU
		{E6B52646-A067-4C47-A9E1-CC795C74EB78}.Release|Any CPU.Build.0 = Release|Any CPU
		{B0120B1E-8D9E-4C60-BBF7-93CD4E604399}.Debug|Any CPU.ActiveCfg = Debug|Any CPU
		{B0120B1E-8D9E-4C60-BBF7-93CD4E604399}.Debug|Any CPU.Build.0 = Debug|Any CPU
		{B0120B1E-8D9E-4C60-BBF7-93CD4E604399}.Release|Any CPU.ActiveCfg = Release|Any CPU
		{B0120B1E-8D9E-4C60-BBF7-93CD4E604399}.Release|Any CPU.Build.0 = Release|Any CPU
		{63C3210A-7D40-457A-9FE0-646836D1FCEF}.Debug|Any CPU.ActiveCfg = Debug|Any CPU
		{63C3210A-7D40-457A-9FE0-646836D1FCEF}.Debug|Any CPU.Build.0 = Debug|Any CPU
		{63C3210A-7D40-457A-9FE0-646836D1FCEF}.Release|Any CPU.ActiveCfg = Release|Any CPU
		{63C3210A-7D40-457A-9FE0-646836D1FCEF}.Release|Any CPU.Build.0 = Release|Any CPU
		{DBD23CE8-97B3-4327-858F-BD9759FB78A2}.Debug|Any CPU.ActiveCfg = Debug|Any CPU
		{DBD23CE8-97B3-4327-858F-BD9759FB78A2}.Debug|Any CPU.Build.0 = Debug|Any CPU
		{DBD23CE8-97B3-4327-858F-BD9759FB78A2}.Release|Any CPU.ActiveCfg = Release|Any CPU
		{DBD23CE8-97B3-4327-858F-BD9759FB78A2}.Release|Any CPU.Build.0 = Release|Any CPU
		{E7693ECF-F3B9-4D62-B5DE-DF4D19D9E773}.Debug|Any CPU.ActiveCfg = Debug|Any CPU
		{E7693ECF-F3B9-4D62-B5DE-DF4D19D9E773}.Debug|Any CPU.Build.0 = Debug|Any CPU
		{E7693ECF-F3B9-4D62-B5DE-DF4D19D9E773}.Release|Any CPU.ActiveCfg = Release|Any CPU
		{E7693ECF-F3B9-4D62-B5DE-DF4D19D9E773}.Release|Any CPU.Build.0 = Release|Any CPU
		{C2AA0254-B88F-4D9E-8985-E18DB8C2102B}.Debug|Any CPU.ActiveCfg = Debug|Any CPU
		{C2AA0254-B88F-4D9E-8985-E18DB8C2102B}.Debug|Any CPU.Build.0 = Debug|Any CPU
		{C2AA0254-B88F-4D9E-8985-E18DB8C2102B}.Release|Any CPU.ActiveCfg = Release|Any CPU
		{C2AA0254-B88F-4D9E-8985-E18DB8C2102B}.Release|Any CPU.Build.0 = Release|Any CPU
		{B8645E6C-9EFA-42A6-872B-82EF51467C39}.Debug|Any CPU.ActiveCfg = Debug|Any CPU
		{B8645E6C-9EFA-42A6-872B-82EF51467C39}.Debug|Any CPU.Build.0 = Debug|Any CPU
		{B8645E6C-9EFA-42A6-872B-82EF51467C39}.Release|Any CPU.ActiveCfg = Release|Any CPU
		{B8645E6C-9EFA-42A6-872B-82EF51467C39}.Release|Any CPU.Build.0 = Release|Any CPU
		{FD26FB37-5095-4846-A3A8-66711413909B}.Debug|Any CPU.ActiveCfg = Debug|Any CPU
		{FD26FB37-5095-4846-A3A8-66711413909B}.Debug|Any CPU.Build.0 = Debug|Any CPU
		{FD26FB37-5095-4846-A3A8-66711413909B}.Release|Any CPU.ActiveCfg = Release|Any CPU
		{FD26FB37-5095-4846-A3A8-66711413909B}.Release|Any CPU.Build.0 = Release|Any CPU
		{89976E38-5EBE-451E-B691-ADEF34EC5D0F}.Debug|Any CPU.ActiveCfg = Debug|Any CPU
		{89976E38-5EBE-451E-B691-ADEF34EC5D0F}.Debug|Any CPU.Build.0 = Debug|Any CPU
		{89976E38-5EBE-451E-B691-ADEF34EC5D0F}.Release|Any CPU.ActiveCfg = Release|Any CPU
		{89976E38-5EBE-451E-B691-ADEF34EC5D0F}.Release|Any CPU.Build.0 = Release|Any CPU
		{C0A93AF3-9492-4D32-A967-BA65B253BBF4}.Debug|Any CPU.ActiveCfg = Debug|Any CPU
		{C0A93AF3-9492-4D32-A967-BA65B253BBF4}.Debug|Any CPU.Build.0 = Debug|Any CPU
		{C0A93AF3-9492-4D32-A967-BA65B253BBF4}.Release|Any CPU.ActiveCfg = Release|Any CPU
		{C0A93AF3-9492-4D32-A967-BA65B253BBF4}.Release|Any CPU.Build.0 = Release|Any CPU
		{427906A7-A74C-4708-9033-EA5286948184}.Debug|Any CPU.ActiveCfg = Debug|Any CPU
		{427906A7-A74C-4708-9033-EA5286948184}.Debug|Any CPU.Build.0 = Debug|Any CPU
		{427906A7-A74C-4708-9033-EA5286948184}.Release|Any CPU.ActiveCfg = Release|Any CPU
		{427906A7-A74C-4708-9033-EA5286948184}.Release|Any CPU.Build.0 = Release|Any CPU
		{8A781058-FE61-4D0A-BA3E-3EA7B797B18F}.Debug|Any CPU.ActiveCfg = Debug|Any CPU
		{8A781058-FE61-4D0A-BA3E-3EA7B797B18F}.Debug|Any CPU.Build.0 = Debug|Any CPU
		{8A781058-FE61-4D0A-BA3E-3EA7B797B18F}.Release|Any CPU.ActiveCfg = Release|Any CPU
		{8A781058-FE61-4D0A-BA3E-3EA7B797B18F}.Release|Any CPU.Build.0 = Release|Any CPU
		{C0FA2BD7-84B2-406B-875E-4A818CDE94AD}.Debug|Any CPU.ActiveCfg = Debug|Any CPU
		{C0FA2BD7-84B2-406B-875E-4A818CDE94AD}.Debug|Any CPU.Build.0 = Debug|Any CPU
		{C0FA2BD7-84B2-406B-875E-4A818CDE94AD}.Release|Any CPU.ActiveCfg = Release|Any CPU
		{C0FA2BD7-84B2-406B-875E-4A818CDE94AD}.Release|Any CPU.Build.0 = Release|Any CPU
	EndGlobalSection
	GlobalSection(SolutionProperties) = preSolution
		HideSolutionNode = FALSE
	EndGlobalSection
	GlobalSection(ExtensibilityGlobals) = postSolution
		SolutionGuid = {A3FD831C-ADCB-4FA3-8BAD-630E9275E750}
	EndGlobalSection
EndGlobal
